
Microsoft Visual Studio Solution File, Format Version 12.00
Project("{FAE04EC0-301F-11D3-BF4B-00C04F79EFBC}") = "StandaloneWebApi", "StandaloneWebApi\StandaloneWebApi.csproj", "{AF67DA2A-87DE-46EA-A007-F37FAA41AAE2}"
EndProject
Global
	GlobalSection(SolutionConfigurationPlatforms) = preSolution
		Debug|Any CPU = Debug|Any CPU
		Release|Any CPU = Release|Any CPU
	EndGlobalSection
	GlobalSection(ProjectConfigurationPlatforms) = postSolution
		{AF67DA2A-87DE-46EA-A007-F37FAA41AAE2}.Debug|Any CPU.ActiveCfg = Debug|Any CPU
		{AF67DA2A-87DE-46EA-A007-F37FAA41AAE2}.Debug|Any CPU.Build.0 = Debug|Any CPU
		{AF67DA2A-87DE-46EA-A007-F37FAA41AAE2}.Release|Any CPU.ActiveCfg = Release|Any CPU
		{AF67DA2A-87DE-46EA-A007-F37FAA41AAE2}.Release|Any CPU.Build.0 = Release|Any CPU
	EndGlobalSection
EndGlobal
